
Microsoft Visual Studio Solution File, Format Version 12.00
# Visual Studio Version 17
VisualStudioVersion = 17.7.34003.232
MinimumVisualStudioVersion = 10.0.40219.1
Project("{FAE04EC0-301F-11D3-BF4B-00C04F79EFBC}") = "ADO.NET ile Veritabani Programlama", "ADO.NET ile Veritabani Programlama\ADO.NET ile Veritabani Programlama.csproj", "{5DE6E7C4-FB55-4D27-B16B-743E21E0B034}"
EndProject
Global
	GlobalSection(SolutionConfigurationPlatforms) = preSolution
		Debug|Any CPU = Debug|Any CPU
		Release|Any CPU = Release|Any CPU
	EndGlobalSection
	GlobalSection(ProjectConfigurationPlatforms) = postSolution
		{5DE6E7C4-FB55-4D27-B16B-743E21E0B034}.Debug|Any CPU.ActiveCfg = Debug|Any CPU
		{5DE6E7C4-FB55-4D27-B16B-743E21E0B034}.Debug|Any CPU.Build.0 = Debug|Any CPU
		{5DE6E7C4-FB55-4D27-B16B-743E21E0B034}.Release|Any CPU.ActiveCfg = Release|Any CPU
		{5DE6E7C4-FB55-4D27-B16B-743E21E0B034}.Release|Any CPU.Build.0 = Release|Any CPU
	EndGlobalSection
	GlobalSection(SolutionProperties) = preSolution
		HideSolutionNode = FALSE
	EndGlobalSection
	GlobalSection(ExtensibilityGlobals) = postSolution
		SolutionGuid = {A91B37AD-1659-477E-B610-A9F789205726}
	EndGlobalSection
EndGlobal
